
Microsoft Visual Studio Solution File, Format Version 12.00
# Visual Studio 14
VisualStudioVersion = 14.0.25420.1
MinimumVisualStudioVersion = 10.0.40219.1
Project("{FAE04EC0-301F-11D3-BF4B-00C04F79EFBC}") = "AMDM.WEB", "AMDM.WEB\AMDM.WEB.csproj", "{5CBEB712-0D7F-43AC-B212-9FC5B336B2AD}"
EndProject
Project("{FAE04EC0-301F-11D3-BF4B-00C04F79EFBC}") = "AMDM.DAL", "AMDM.DAL\AMDM.DAL.csproj", "{48DAD9D8-0A36-40CF-A40A-14DE7E41C6D2}"
EndProject
Project("{FAE04EC0-301F-11D3-BF4B-00C04F79EFBC}") = "AMDM.BLL", "AMDM.BLL\AMDM.BLL.csproj", "{33F30691-EBA1-43E0-AE6E-7949B393AA73}"
EndProject
Global
	GlobalSection(SolutionConfigurationPlatforms) = preSolution
		Debug|Any CPU = Debug|Any CPU
		Release|Any CPU = Release|Any CPU
	EndGlobalSection
	GlobalSection(ProjectConfigurationPlatforms) = postSolution
		{5CBEB712-0D7F-43AC-B212-9FC5B336B2AD}.Debug|Any CPU.ActiveCfg = Debug|Any CPU
		{5CBEB712-0D7F-43AC-B212-9FC5B336B2AD}.Debug|Any CPU.Build.0 = Debug|Any CPU
		{5CBEB712-0D7F-43AC-B212-9FC5B336B2AD}.Release|Any CPU.ActiveCfg = Release|Any CPU
		{5CBEB712-0D7F-43AC-B212-9FC5B336B2AD}.Release|Any CPU.Build.0 = Release|Any CPU
		{48DAD9D8-0A36-40CF-A40A-14DE7E41C6D2}.Debug|Any CPU.ActiveCfg = Debug|Any CPU
		{48DAD9D8-0A36-40CF-A40A-14DE7E41C6D2}.Debug|Any CPU.Build.0 = Debug|Any CPU
		{48DAD9D8-0A36-40CF-A40A-14DE7E41C6D2}.Release|Any CPU.ActiveCfg = Release|Any CPU
		{48DAD9D8-0A36-40CF-A40A-14DE7E41C6D2}.Release|Any CPU.Build.0 = Release|Any CPU
		{33F30691-EBA1-43E0-AE6E-7949B393AA73}.Debug|Any CPU.ActiveCfg = Debug|Any CPU
		{33F30691-EBA1-43E0-AE6E-7949B393AA73}.Debug|Any CPU.Build.0 = Debug|Any CPU
		{33F30691-EBA1-43E0-AE6E-7949B393AA73}.Release|Any CPU.ActiveCfg = Release|Any CPU
		{33F30691-EBA1-43E0-AE6E-7949B393AA73}.Release|Any CPU.Build.0 = Release|Any CPU
	EndGlobalSection
	GlobalSection(SolutionProperties) = preSolution
		HideSolutionNode = FALSE
	EndGlobalSection
EndGlobal
